// !$*UTF8*$!
{
	archiveVersion = 1;
	classes = {
	};
	objectVersion = 50;
	objects = {

/* Begin PBXBuildFile section */
		AFAD735022442D660020E398 /* Representative.swift in Sources */ = {isa = PBXBuildFile; fileRef = AFAD734F22442D660020E398 /* Representative.swift */; };
		AFAD7352224431230020E398 /* RepresentativeController.swift in Sources */ = {isa = PBXBuildFile; fileRef = AFAD7351224431230020E398 /* RepresentativeController.swift */; };
		AFAD735422443B6E0020E398 /* StateListTableViewController.swift in Sources */ = {isa = PBXBuildFile; fileRef = AFAD735322443B6E0020E398 /* StateListTableViewController.swift */; };
		AFAD735622443B870020E398 /* StateDetailTableViewController.swift in Sources */ = {isa = PBXBuildFile; fileRef = AFAD735522443B870020E398 /* StateDetailTableViewController.swift */; };
		AFAD735822443C3B0020E398 /* States.swift in Sources */ = {isa = PBXBuildFile; fileRef = AFAD735722443C3B0020E398 /* States.swift */; };
		AFAD735A22443DA20020E398 /* RepresentativeTableViewCell.swift in Sources */ = {isa = PBXBuildFile; fileRef = AFAD735922443DA20020E398 /* RepresentativeTableViewCell.swift */; };
		AFF42BE222442C7400C1F834 /* AppDelegate.swift in Sources */ = {isa = PBXBuildFile; fileRef = AFF42BE122442C7400C1F834 /* AppDelegate.swift */; };
		AFF42BE722442C7400C1F834 /* Main.storyboard in Resources */ = {isa = PBXBuildFile; fileRef = AFF42BE522442C7400C1F834 /* Main.storyboard */; };
		AFF42BE922442C7400C1F834 /* Assets.xcassets in Resources */ = {isa = PBXBuildFile; fileRef = AFF42BE822442C7400C1F834 /* Assets.xcassets */; };
		AFF42BEC22442C7400C1F834 /* LaunchScreen.storyboard in Resources */ = {isa = PBXBuildFile; fileRef = AFF42BEA22442C7400C1F834 /* LaunchScreen.storyboard */; };
/* End PBXBuildFile section */

/* Begin PBXFileReference section */
		AFAD734F22442D660020E398 /* Representative.swift */ = {isa = PBXFileReference; lastKnownFileType = sourcecode.swift; path = Representative.swift; sourceTree = "<group>"; };
		AFAD7351224431230020E398 /* RepresentativeController.swift */ = {isa = PBXFileReference; lastKnownFileType = sourcecode.swift; path = RepresentativeController.swift; sourceTree = "<group>"; };
		AFAD735322443B6E0020E398 /* StateListTableViewController.swift */ = {isa = PBXFileReference; lastKnownFileType = sourcecode.swift; path = StateListTableViewController.swift; sourceTree = "<group>"; };
		AFAD735522443B870020E398 /* StateDetailTableViewController.swift */ = {isa = PBXFileReference; lastKnownFileType = sourcecode.swift; path = StateDetailTableViewController.swift; sourceTree = "<group>"; };
		AFAD735722443C3B0020E398 /* States.swift */ = {isa = PBXFileReference; lastKnownFileType = sourcecode.swift; path = States.swift; sourceTree = "<group>"; };
		AFAD735922443DA20020E398 /* RepresentativeTableViewCell.swift */ = {isa = PBXFileReference; lastKnownFileType = sourcecode.swift; path = RepresentativeTableViewCell.swift; sourceTree = "<group>"; };
		AFF42BDE22442C7400C1F834 /* Representative.app */ = {isa = PBXFileReference; explicitFileType = wrapper.application; includeInIndex = 0; path = Representative.app; sourceTree = BUILT_PRODUCTS_DIR; };
		AFF42BE122442C7400C1F834 /* AppDelegate.swift */ = {isa = PBXFileReference; lastKnownFileType = sourcecode.swift; path = AppDelegate.swift; sourceTree = "<group>"; };
		AFF42BE622442C7400C1F834 /* Base */ = {isa = PBXFileReference; lastKnownFileType = file.storyboard; name = Base; path = Base.lproj/Main.storyboard; sourceTree = "<group>"; };
		AFF42BE822442C7400C1F834 /* Assets.xcassets */ = {isa = PBXFileReference; lastKnownFileType = folder.assetcatalog; path = Assets.xcassets; sourceTree = "<group>"; };
		AFF42BEB22442C7400C1F834 /* Base */ = {isa = PBXFileReference; lastKnownFileType = file.storyboard; name = Base; path = Base.lproj/LaunchScreen.storyboard; sourceTree = "<group>"; };
		AFF42BED22442C7400C1F834 /* Info.plist */ = {isa = PBXFileReference; lastKnownFileType = text.plist.xml; path = Info.plist; sourceTree = "<group>"; };
/* End PBXFileReference section */

/* Begin PBXFrameworksBuildPhase section */
		AFF42BDB22442C7300C1F834 /* Frameworks */ = {
			isa = PBXFrameworksBuildPhase;
			buildActionMask = 2147483647;
			files = (
			);
			runOnlyForDeploymentPostprocessing = 0;
		};
/* End PBXFrameworksBuildPhase section */

/* Begin PBXGroup section */
		AFAD734C22442D440020E398 /* View Controllers */ = {
			isa = PBXGroup;
			children = (
				AFAD735322443B6E0020E398 /* StateListTableViewController.swift */,
				AFAD735522443B870020E398 /* StateDetailTableViewController.swift */,
				AFAD735922443DA20020E398 /* RepresentativeTableViewCell.swift */,
			);
			path = "View Controllers";
			sourceTree = "<group>";
		};
		AFAD734D22442D4F0020E398 /* Model Controller */ = {
			isa = PBXGroup;
			children = (
				AFAD7351224431230020E398 /* RepresentativeController.swift */,
			);
			path = "Model Controller";
			sourceTree = "<group>";
		};
		AFAD734E22442D560020E398 /* Model */ = {
			isa = PBXGroup;
			children = (
				AFAD734F22442D660020E398 /* Representative.swift */,
				AFAD735722443C3B0020E398 /* States.swift */,
			);
			path = Model;
			sourceTree = "<group>";
		};
		AFF42BD522442C7300C1F834 = {
			isa = PBXGroup;
			children = (
				AFF42BE022442C7400C1F834 /* Representative */,
				AFF42BDF22442C7400C1F834 /* Products */,
			);
			sourceTree = "<group>";
		};
		AFF42BDF22442C7400C1F834 /* Products */ = {
			isa = PBXGroup;
			children = (
				AFF42BDE22442C7400C1F834 /* Representative.app */,
			);
			name = Products;
			sourceTree = "<group>";
		};
		AFF42BE022442C7400C1F834 /* Representative */ = {
			isa = PBXGroup;
			children = (
				AFAD734E22442D560020E398 /* Model */,
				AFAD734D22442D4F0020E398 /* Model Controller */,
				AFAD734C22442D440020E398 /* View Controllers */,
				AFF42BF422442C9D00C1F834 /* Storyboard */,
				AFF42BF322442C7D00C1F834 /* Resources */,
			);
			path = Representative;
			sourceTree = "<group>";
		};
		AFF42BF322442C7D00C1F834 /* Resources */ = {
			isa = PBXGroup;
			children = (
				AFF42BE122442C7400C1F834 /* AppDelegate.swift */,
				AFF42BE822442C7400C1F834 /* Assets.xcassets */,
				AFF42BEA22442C7400C1F834 /* LaunchScreen.storyboard */,
				AFF42BED22442C7400C1F834 /* Info.plist */,
			);
			path = Resources;
			sourceTree = "<group>";
		};
		AFF42BF422442C9D00C1F834 /* Storyboard */ = {
			isa = PBXGroup;
			children = (
				AFF42BE522442C7400C1F834 /* Main.storyboard */,
			);
			path = Storyboard;
			sourceTree = "<group>";
		};
/* End PBXGroup section */

/* Begin PBXNativeTarget section */
		AFF42BDD22442C7300C1F834 /* Representative */ = {
			isa = PBXNativeTarget;
			buildConfigurationList = AFF42BF022442C7400C1F834 /* Build configuration list for PBXNativeTarget "Representative" */;
			buildPhases = (
				AFF42BDA22442C7300C1F834 /* Sources */,
				AFF42BDB22442C7300C1F834 /* Frameworks */,
				AFF42BDC22442C7300C1F834 /* Resources */,
			);
			buildRules = (
			);
			dependencies = (
			);
			name = Representative;
			productName = Representative;
			productReference = AFF42BDE22442C7400C1F834 /* Representative.app */;
			productType = "com.apple.product-type.application";
		};
/* End PBXNativeTarget section */

/* Begin PBXProject section */
		AFF42BD622442C7300C1F834 /* Project object */ = {
			isa = PBXProject;
			attributes = {
				LastSwiftUpdateCheck = 1010;
				LastUpgradeCheck = 1010;
				ORGANIZATIONNAME = "Hannah Hoff";
				TargetAttributes = {
					AFF42BDD22442C7300C1F834 = {
						CreatedOnToolsVersion = 10.1;
					};
				};
			};
			buildConfigurationList = AFF42BD922442C7300C1F834 /* Build configuration list for PBXProject "Representative" */;
			compatibilityVersion = "Xcode 9.3";
			developmentRegion = en;
			hasScannedForEncodings = 0;
			knownRegions = (
				en,
				Base,
			);
			mainGroup = AFF42BD522442C7300C1F834;
			productRefGroup = AFF42BDF22442C7400C1F834 /* Products */;
			projectDirPath = "";
			projectRoot = "";
			targets = (
				AFF42BDD22442C7300C1F834 /* Representative */,
			);
		};
/* End PBXProject section */

/* Begin PBXResourcesBuildPhase section */
		AFF42BDC22442C7300C1F834 /* Resources */ = {
			isa = PBXResourcesBuildPhase;
			buildActionMask = 2147483647;
			files = (
				AFF42BEC22442C7400C1F834 /* LaunchScreen.storyboard in Resources */,
				AFF42BE922442C7400C1F834 /* Assets.xcassets in Resources */,
				AFF42BE722442C7400C1F834 /* Main.storyboard in Resources */,
			);
			runOnlyForDeploymentPostprocessing = 0;
		};
/* End PBXResourcesBuildPhase section */

/* Begin PBXSourcesBuildPhase section */
		AFF42BDA22442C7300C1F834 /* Sources */ = {
			isa = PBXSourcesBuildPhase;
			buildActionMask = 2147483647;
			files = (
				AFAD735A22443DA20020E398 /* RepresentativeTableViewCell.swift in Sources */,
				AFAD735022442D660020E398 /* Representative.swift in Sources */,
				AFAD735422443B6E0020E398 /* StateListTableViewController.swift in Sources */,
				AFAD7352224431230020E398 /* RepresentativeController.swift in Sources */,
				AFAD735822443C3B0020E398 /* States.swift in Sources */,
				AFAD735622443B870020E398 /* StateDetailTableViewController.swift in Sources */,
				AFF42BE222442C7400C1F834 /* AppDelegate.swift in Sources */,
			);
			runOnlyForDeploymentPostprocessing = 0;
		};
/* End PBXSourcesBuildPhase section */

/* Begin PBXVariantGroup section */
		AFF42BE522442C7400C1F834 /* Main.storyboard */ = {
			isa = PBXVariantGroup;
			children = (
				AFF42BE622442C7400C1F834 /* Base */,
			);
			name = Main.storyboard;
			sourceTree = "<group>";
		};
		AFF42BEA22442C7400C1F834 /* LaunchScreen.storyboard */ = {
			isa = PBXVariantGroup;
			children = (
				AFF42BEB22442C7400C1F834 /* Base */,
			);
			name = LaunchScreen.storyboard;
			sourceTree = "<group>";
		};
/* End PBXVariantGroup section */

/* Begin XCBuildConfiguration section */
		AFF42BEE22442C7400C1F834 /* Debug */ = {
			isa = XCBuildConfiguration;
			buildSettings = {
				ALWAYS_SEARCH_USER_PATHS = NO;
				CLANG_ANALYZER_NONNULL = YES;
				CLANG_ANALYZER_NUMBER_OBJECT_CONVERSION = YES_AGGRESSIVE;
				CLANG_CXX_LANGUAGE_STANDARD = "gnu++14";
				CLANG_CXX_LIBRARY = "libc++";
				CLANG_ENABLE_MODULES = YES;
				CLANG_ENABLE_OBJC_ARC = YES;
				CLANG_ENABLE_OBJC_WEAK = YES;
				CLANG_WARN_BLOCK_CAPTURE_AUTORELEASING = YES;
				CLANG_WARN_BOOL_CONVERSION = YES;
				CLANG_WARN_COMMA = YES;
				CLANG_WARN_CONSTANT_CONVERSION = YES;
				CLANG_WARN_DEPRECATED_OBJC_IMPLEMENTATIONS = YES;
				CLANG_WARN_DIRECT_OBJC_ISA_USAGE = YES_ERROR;
				CLANG_WARN_DOCUMENTATION_COMMENTS = YES;
				CLANG_WARN_EMPTY_BODY = YES;
				CLANG_WARN_ENUM_CONVERSION = YES;
				CLANG_WARN_INFINITE_RECURSION = YES;
				CLANG_WARN_INT_CONVERSION = YES;
				CLANG_WARN_NON_LITERAL_NULL_CONVERSION = YES;
				CLANG_WARN_OBJC_IMPLICIT_RETAIN_SELF = YES;
				CLANG_WARN_OBJC_LITERAL_CONVERSION = YES;
				CLANG_WARN_OBJC_ROOT_CLASS = YES_ERROR;
				CLANG_WARN_RANGE_LOOP_ANALYSIS = YES;
				CLANG_WARN_STRICT_PROTOTYPES = YES;
				CLANG_WARN_SUSPICIOUS_MOVE = YES;
				CLANG_WARN_UNGUARDED_AVAILABILITY = YES_AGGRESSIVE;
				CLANG_WARN_UNREACHABLE_CODE = YES;
				CLANG_WARN__DUPLICATE_METHOD_MATCH = YES;
				CODE_SIGN_IDENTITY = "iPhone Developer";
				COPY_PHASE_STRIP = NO;
				DEBUG_INFORMATION_FORMAT = dwarf;
				ENABLE_STRICT_OBJC_MSGSEND = YES;
				ENABLE_TESTABILITY = YES;
				GCC_C_LANGUAGE_STANDARD = gnu11;
				GCC_DYNAMIC_NO_PIC = NO;
				GCC_NO_COMMON_BLOCKS = YES;
				GCC_OPTIMIZATION_LEVEL = 0;
				GCC_PREPROCESSOR_DEFINITIONS = (
					"DEBUG=1",
					"$(inherited)",
				);
				GCC_WARN_64_TO_32_BIT_CONVERSION = YES;
				GCC_WARN_ABOUT_RETURN_TYPE = YES_ERROR;
				GCC_WARN_UNDECLARED_SELECTOR = YES;
				GCC_WARN_UNINITIALIZED_AUTOS = YES_AGGRESSIVE;
				GCC_WARN_UNUSED_FUNCTION = YES;
				GCC_WARN_UNUSED_VARIABLE = YES;
				IPHONEOS_DEPLOYMENT_TARGET = 12.1;
				MTL_ENABLE_DEBUG_INFO = INCLUDE_SOURCE;
				MTL_FAST_MATH = YES;
				ONLY_ACTIVE_ARCH = YES;
				SDKROOT = iphoneos;
				SWIFT_ACTIVE_COMPILATION_CONDITIONS = DEBUG;
				SWIFT_OPTIMIZATION_LEVEL = "-Onone";
			};
			name = Debug;
		};
		AFF42BEF22442C7400C1F834 /* Release */ = {
			isa = XCBuildConfiguration;
			buildSettings = {
				ALWAYS_SEARCH_USER_PATHS = NO;
				CLANG_ANALYZER_NONNULL = YES;
				CLANG_ANALYZER_NUMBER_OBJECT_CONVERSION = YES_AGGRESSIVE;
				CLANG_CXX_LANGUAGE_STANDARD = "gnu++14";
				CLANG_CXX_LIBRARY = "libc++";
				CLANG_ENABLE_MODULES = YES;
				CLANG_ENABLE_OBJC_ARC = YES;
				CLANG_ENABLE_OBJC_WEAK = YES;
				CLANG_WARN_BLOCK_CAPTURE_AUTORELEASING = YES;
				CLANG_WARN_BOOL_CONVERSION = YES;
				CLANG_WARN_COMMA = YES;
				CLANG_WARN_CONSTANT_CONVERSION = YES;
				CLANG_WARN_DEPRECATED_OBJC_IMPLEMENTATIONS = YES;
				CLANG_WARN_DIRECT_OBJC_ISA_USAGE = YES_ERROR;
				CLANG_WARN_DOCUMENTATION_COMMENTS = YES;
				CLANG_WARN_EMPTY_BODY = YES;
				CLANG_WARN_ENUM_CONVERSION = YES;
				CLANG_WARN_INFINITE_RECURSION = YES;
				CLANG_WARN_INT_CONVERSION = YES;
				CLANG_WARN_NON_LITERAL_NULL_CONVERSION = YES;
				CLANG_WARN_OBJC_IMPLICIT_RETAIN_SELF = YES;
				CLANG_WARN_OBJC_LITERAL_CONVERSION = YES;
				CLANG_WARN_OBJC_ROOT_CLASS = YES_ERROR;
				CLANG_WARN_RANGE_LOOP_ANALYSIS = YES;
				CLANG_WARN_STRICT_PROTOTYPES = YES;
				CLANG_WARN_SUSPICIOUS_MOVE = YES;
				CLANG_WARN_UNGUARDED_AVAILABILITY = YES_AGGRESSIVE;
				CLANG_WARN_UNREACHABLE_CODE = YES;
				CLANG_WARN__DUPLICATE_METHOD_MATCH = YES;
				CODE_SIGN_IDENTITY = "iPhone Developer";
				COPY_PHASE_STRIP = NO;
				DEBUG_INFORMATION_FORMAT = "dwarf-with-dsym";
				ENABLE_NS_ASSERTIONS = NO;
				ENABLE_STRICT_OBJC_MSGSEND = YES;
				GCC_C_LANGUAGE_STANDARD = gnu11;
				GCC_NO_COMMON_BLOCKS = YES;
				GCC_WARN_64_TO_32_BIT_CONVERSION = YES;
				GCC_WARN_ABOUT_RETURN_TYPE = YES_ERROR;
				GCC_WARN_UNDECLARED_SELECTOR = YES;
				GCC_WARN_UNINITIALIZED_AUTOS = YES_AGGRESSIVE;
				GCC_WARN_UNUSED_FUNCTION = YES;
				GCC_WARN_UNUSED_VARIABLE = YES;
				IPHONEOS_DEPLOYMENT_TARGET = 12.1;
				MTL_ENABLE_DEBUG_INFO = NO;
				MTL_FAST_MATH = YES;
				SDKROOT = iphoneos;
				SWIFT_COMPILATION_MODE = wholemodule;
				SWIFT_OPTIMIZATION_LEVEL = "-O";
				VALIDATE_PRODUCT = YES;
			};
			name = Release;
		};
		AFF42BF122442C7400C1F834 /* Debug */ = {
			isa = XCBuildConfiguration;
			buildSettings = {
				ASSETCATALOG_COMPILER_APPICON_NAME = AppIcon;
				CODE_SIGN_STYLE = Automatic;
				DEVELOPMENT_TEAM = L5VMA54SBQ;
				INFOPLIST_FILE = "$(SRCROOT)/Representative/Resources/Info.plist";
				LD_RUNPATH_SEARCH_PATHS = (
					"$(inherited)",
					"@executable_path/Frameworks",
				);
				PRODUCT_BUNDLE_IDENTIFIER = com.hannahhoff.Representative;
				PRODUCT_NAME = "$(TARGET_NAME)";
				SWIFT_VERSION = 4.2;
				TARGETED_DEVICE_FAMILY = "1,2";
			};
			name = Debug;
		};
		AFF42BF222442C7400C1F834 /* Release */ = {
			isa = XCBuildConfiguration;
			buildSettings = {
				ASSETCATALOG_COMPILER_APPICON_NAME = AppIcon;
				CODE_SIGN_STYLE = Automatic;
				DEVELOPMENT_TEAM = L5VMA54SBQ;
				INFOPLIST_FILE = "$(SRCROOT)/Representative/Resources/Info.plist";
				LD_RUNPATH_SEARCH_PATHS = (
					"$(inherited)",
					"@executable_path/Frameworks",
				);
				PRODUCT_BUNDLE_IDENTIFIER = com.hannahhoff.Representative;
				PRODUCT_NAME = "$(TARGET_NAME)";
				SWIFT_VERSION = 4.2;
				TARGETED_DEVICE_FAMILY = "1,2";
			};
			name = Release;
		};
/* End XCBuildConfiguration section */

/* Begin XCConfigurationList section */
		AFF42BD922442C7300C1F834 /* Build configuration list for PBXProject "Representative" */ = {
			isa = XCConfigurationList;
			buildConfigurations = (
				AFF42BEE22442C7400C1F834 /* Debug */,
				AFF42BEF22442C7400C1F834 /* Release */,
			);
			defaultConfigurationIsVisible = 0;
			defaultConfigurationName = Release;
		};
		AFF42BF022442C7400C1F834 /* Build configuration list for PBXNativeTarget "Representative" */ = {
			isa = XCConfigurationList;
			buildConfigurations = (
				AFF42BF122442C7400C1F834 /* Debug */,
				AFF42BF222442C7400C1F834 /* Release */,
			);
			defaultConfigurationIsVisible = 0;
			defaultConfigurationName = Release;
		};
/* End XCConfigurationList section */
	};
	rootObject = AFF42BD622442C7300C1F834 /* Project object */;
}
